
Microsoft Visual Studio Solution File, Format Version 12.00
# Visual Studio 14
VisualStudioVersion = 14.0.25420.1
MinimumVisualStudioVersion = 10.0.40219.1
Project("{FAE04EC0-301F-11D3-BF4B-00C04F79EFBC}") = "Ry.Defined", "Ry.Defined\Ry.Defined.csproj", "{F08F5159-A451-4B44-B36B-7F3A693235A1}"
EndProject
Project("{FAE04EC0-301F-11D3-BF4B-00C04F79EFBC}") = "Ry.Function", "Ry.Function\Ry.Function.csproj", "{A6C36A3C-5A84-4A7D-93BD-186A5171279C}"
EndProject
Project("{FAE04EC0-301F-11D3-BF4B-00C04F79EFBC}") = "Ry.ReadChinese", "Ry.ReadChinese\Ry.ReadChinese.csproj", "{72968A9A-DE56-44A3-916F-DE5151197514}"
EndProject
Project("{FAE04EC0-301F-11D3-BF4B-00C04F79EFBC}") = "test", "test\test.csproj", "{AA93DD2A-482D-4FA5-A7A0-5135669DEEB3}"
EndProject
Project("{FAE04EC0-301F-11D3-BF4B-00C04F79EFBC}") = "Ry.GlobalHotKey", "GlobalHotKey\Ry.GlobalHotKey.csproj", "{BFB952DE-6D0D-4ECE-986F-D22A3758CAA1}"
EndProject
Global
	GlobalSection(SolutionConfigurationPlatforms) = preSolution
		Debug|Any CPU = Debug|Any CPU
		Release|Any CPU = Release|Any CPU
	EndGlobalSection
	GlobalSection(ProjectConfigurationPlatforms) = postSolution
		{F08F5159-A451-4B44-B36B-7F3A693235A1}.Debug|Any CPU.ActiveCfg = Debug|Any CPU
		{F08F5159-A451-4B44-B36B-7F3A693235A1}.Debug|Any CPU.Build.0 = Debug|Any CPU
		{F08F5159-A451-4B44-B36B-7F3A693235A1}.Release|Any CPU.ActiveCfg = Release|Any CPU
		{F08F5159-A451-4B44-B36B-7F3A693235A1}.Release|Any CPU.Build.0 = Release|Any CPU
		{A6C36A3C-5A84-4A7D-93BD-186A5171279C}.Debug|Any CPU.ActiveCfg = Debug|Any CPU
		{A6C36A3C-5A84-4A7D-93BD-186A5171279C}.Debug|Any CPU.Build.0 = Debug|Any CPU
		{A6C36A3C-5A84-4A7D-93BD-186A5171279C}.Release|Any CPU.ActiveCfg = Release|Any CPU
		{A6C36A3C-5A84-4A7D-93BD-186A5171279C}.Release|Any CPU.Build.0 = Release|Any CPU
		{72968A9A-DE56-44A3-916F-DE5151197514}.Debug|Any CPU.ActiveCfg = Debug|Any CPU
		{72968A9A-DE56-44A3-916F-DE5151197514}.Debug|Any CPU.Build.0 = Debug|Any CPU
		{72968A9A-DE56-44A3-916F-DE5151197514}.Release|Any CPU.ActiveCfg = Release|Any CPU
		{72968A9A-DE56-44A3-916F-DE5151197514}.Release|Any CPU.Build.0 = Release|Any CPU
		{AA93DD2A-482D-4FA5-A7A0-5135669DEEB3}.Debug|Any CPU.ActiveCfg = Debug|Any CPU
		{AA93DD2A-482D-4FA5-A7A0-5135669DEEB3}.Debug|Any CPU.Build.0 = Debug|Any CPU
		{AA93DD2A-482D-4FA5-A7A0-5135669DEEB3}.Release|Any CPU.ActiveCfg = Release|Any CPU
		{AA93DD2A-482D-4FA5-A7A0-5135669DEEB3}.Release|Any CPU.Build.0 = Release|Any CPU
		{BFB952DE-6D0D-4ECE-986F-D22A3758CAA1}.Debug|Any CPU.ActiveCfg = Debug|Any CPU
		{BFB952DE-6D0D-4ECE-986F-D22A3758CAA1}.Debug|Any CPU.Build.0 = Debug|Any CPU
		{BFB952DE-6D0D-4ECE-986F-D22A3758CAA1}.Release|Any CPU.ActiveCfg = Release|Any CPU
		{BFB952DE-6D0D-4ECE-986F-D22A3758CAA1}.Release|Any CPU.Build.0 = Release|Any CPU
	EndGlobalSection
	GlobalSection(SolutionProperties) = preSolution
		HideSolutionNode = FALSE
	EndGlobalSection
EndGlobal
